// !$*UTF8*$!
{
	archiveVersion = 1;
	classes = {
	};
	objectVersion = 52;
	objects = {

/* Begin PBXBuildFile section */
		8B0F72A2250BED3C000E5F41 /* WidgetKit.framework in Frameworks */ = {isa = PBXBuildFile; fileRef = 8B572049250BEBFB00A2DFCD /* WidgetKit.framework */; };
		8B0F72A3250BED3C000E5F41 /* SwiftUI.framework in Frameworks */ = {isa = PBXBuildFile; fileRef = 8B57204B250BEBFB00A2DFCD /* SwiftUI.framework */; };
		8B0F72A6250BED3C000E5F41 /* LatestUpdatesWidget.swift in Sources */ = {isa = PBXBuildFile; fileRef = 8B0F72A5250BED3C000E5F41 /* LatestUpdatesWidget.swift */; };
		8B0F72A8250BED3C000E5F41 /* Assets.xcassets in Resources */ = {isa = PBXBuildFile; fileRef = 8B0F72A7250BED3C000E5F41 /* Assets.xcassets */; };
		8B0F72AC250BED3C000E5F41 /* LatestUpdatesWidgetExtension.appex in Embed App Extensions */ = {isa = PBXBuildFile; fileRef = 8B0F72A1250BED3C000E5F41 /* LatestUpdatesWidgetExtension.appex */; settings = {ATTRIBUTES = (RemoveHeadersOnCopy, ); }; };
		8B2D726124DBDABC004C1602 /* MangaGrid.swift in Sources */ = {isa = PBXBuildFile; fileRef = 8B2D726024DBDABC004C1602 /* MangaGrid.swift */; };
		8B2D726224DBDABC004C1602 /* MangaGrid.swift in Sources */ = {isa = PBXBuildFile; fileRef = 8B2D726024DBDABC004C1602 /* MangaGrid.swift */; };
		8B2D726424DBDD0D004C1602 /* LibraryView.swift in Sources */ = {isa = PBXBuildFile; fileRef = 8B2D726324DBDD0D004C1602 /* LibraryView.swift */; };
		8B2D726524DBDD0D004C1602 /* LibraryView.swift in Sources */ = {isa = PBXBuildFile; fileRef = 8B2D726324DBDD0D004C1602 /* LibraryView.swift */; };
		8B31D35224D2054200A17C94 /* Chapter.swift in Sources */ = {isa = PBXBuildFile; fileRef = 8B31D35124D2054200A17C94 /* Chapter.swift */; };
		8B31D35324D2054200A17C94 /* Chapter.swift in Sources */ = {isa = PBXBuildFile; fileRef = 8B31D35124D2054200A17C94 /* Chapter.swift */; };
		8B31D35624D2245500A17C94 /* ChapterView.swift in Sources */ = {isa = PBXBuildFile; fileRef = 8B31D35524D2245500A17C94 /* ChapterView.swift */; };
		8B31D35724D2245500A17C94 /* ChapterView.swift in Sources */ = {isa = PBXBuildFile; fileRef = 8B31D35524D2245500A17C94 /* ChapterView.swift */; };
		8B36F36C250E88210085F52D /* WidgetURL.swift in Sources */ = {isa = PBXBuildFile; fileRef = 8B36F36B250E88210085F52D /* WidgetURL.swift */; };
		8B36F36D250E88210085F52D /* WidgetURL.swift in Sources */ = {isa = PBXBuildFile; fileRef = 8B36F36B250E88210085F52D /* WidgetURL.swift */; };
		8B49D61B24C77EAC007D1FFE /* Tests_iOS.swift in Sources */ = {isa = PBXBuildFile; fileRef = 8B49D61A24C77EAC007D1FFE /* Tests_iOS.swift */; };
		8B49D62624C77EAC007D1FFE /* Tests_macOS.swift in Sources */ = {isa = PBXBuildFile; fileRef = 8B49D62524C77EAC007D1FFE /* Tests_macOS.swift */; };
		8B49D62824C77EAC007D1FFE /* TsukiApp.swift in Sources */ = {isa = PBXBuildFile; fileRef = 8B49D5FF24C77EAB007D1FFE /* TsukiApp.swift */; };
		8B49D62924C77EAC007D1FFE /* TsukiApp.swift in Sources */ = {isa = PBXBuildFile; fileRef = 8B49D5FF24C77EAB007D1FFE /* TsukiApp.swift */; };
		8B49D62A24C77EAC007D1FFE /* ContentView.swift in Sources */ = {isa = PBXBuildFile; fileRef = 8B49D60024C77EAB007D1FFE /* ContentView.swift */; };
		8B49D62B24C77EAC007D1FFE /* ContentView.swift in Sources */ = {isa = PBXBuildFile; fileRef = 8B49D60024C77EAB007D1FFE /* ContentView.swift */; };
		8B49D62C24C77EAC007D1FFE /* Assets.xcassets in Resources */ = {isa = PBXBuildFile; fileRef = 8B49D60124C77EAC007D1FFE /* Assets.xcassets */; };
		8B49D62D24C77EAC007D1FFE /* Assets.xcassets in Resources */ = {isa = PBXBuildFile; fileRef = 8B49D60124C77EAC007D1FFE /* Assets.xcassets */; };
		8B53722A24FA6EBC006D95BD /* SignInRequiredView.swift in Sources */ = {isa = PBXBuildFile; fileRef = 8B53722924FA6EBC006D95BD /* SignInRequiredView.swift */; };
		8B53722B24FA6EBC006D95BD /* SignInRequiredView.swift in Sources */ = {isa = PBXBuildFile; fileRef = 8B53722924FA6EBC006D95BD /* SignInRequiredView.swift */; };
		8B59E13D24F9780400392E6E /* AccountView.swift in Sources */ = {isa = PBXBuildFile; fileRef = 8B59E13C24F9780400392E6E /* AccountView.swift */; };
		8B59E13E24F9780400392E6E /* AccountView.swift in Sources */ = {isa = PBXBuildFile; fileRef = 8B59E13C24F9780400392E6E /* AccountView.swift */; };
		8B5E33BD24C8D0210042EDC3 /* SearchView.swift in Sources */ = {isa = PBXBuildFile; fileRef = 8B5E33BC24C8D0210042EDC3 /* SearchView.swift */; };
		8B5E33BE24C8D0210042EDC3 /* SearchView.swift in Sources */ = {isa = PBXBuildFile; fileRef = 8B5E33BC24C8D0210042EDC3 /* SearchView.swift */; };
		8B6504CD24CCDFCE00BFAD22 /* SDWebImageSwiftUI in Frameworks */ = {isa = PBXBuildFile; productRef = 8B6504CC24CCDFCE00BFAD22 /* SDWebImageSwiftUI */; };
		8B6A6B7D24F4330D00D4E9D8 /* AppState.swift in Sources */ = {isa = PBXBuildFile; fileRef = 8B6A6B7C24F4330D00D4E9D8 /* AppState.swift */; };
		8B6A6B7E24F4330D00D4E9D8 /* AppState.swift in Sources */ = {isa = PBXBuildFile; fileRef = 8B6A6B7C24F4330D00D4E9D8 /* AppState.swift */; };
		8B75DB7D24FBF999009FBCF1 /* Tsuki.xcdatamodeld in Sources */ = {isa = PBXBuildFile; fileRef = 8B75DB7B24FBF999009FBCF1 /* Tsuki.xcdatamodeld */; };
		8B75DB7E24FBF999009FBCF1 /* Tsuki.xcdatamodeld in Sources */ = {isa = PBXBuildFile; fileRef = 8B75DB7B24FBF999009FBCF1 /* Tsuki.xcdatamodeld */; };
		8B75DB8024FBFB88009FBCF1 /* LibraryLink.swift in Sources */ = {isa = PBXBuildFile; fileRef = 8B75DB7F24FBFB88009FBCF1 /* LibraryLink.swift */; };
		8B75DB8124FBFB88009FBCF1 /* LibraryLink.swift in Sources */ = {isa = PBXBuildFile; fileRef = 8B75DB7F24FBFB88009FBCF1 /* LibraryLink.swift */; };
		8B75DB8324FBFBFD009FBCF1 /* DownloadedMangaView.swift in Sources */ = {isa = PBXBuildFile; fileRef = 8B75DB8224FBFBFD009FBCF1 /* DownloadedMangaView.swift */; };
		8B75DB8424FBFBFD009FBCF1 /* DownloadedMangaView.swift in Sources */ = {isa = PBXBuildFile; fileRef = 8B75DB8224FBFBFD009FBCF1 /* DownloadedMangaView.swift */; };
		8B75DBD324FC0A77009FBCF1 /* PersistentStore.swift in Sources */ = {isa = PBXBuildFile; fileRef = 8B75DBD224FC0A77009FBCF1 /* PersistentStore.swift */; };
		8B75DBD424FC0A77009FBCF1 /* PersistentStore.swift in Sources */ = {isa = PBXBuildFile; fileRef = 8B75DBD224FC0A77009FBCF1 /* PersistentStore.swift */; };
		8B75DBD624FC1E96009FBCF1 /* ChapterSelectionView.swift in Sources */ = {isa = PBXBuildFile; fileRef = 8B75DBD524FC1E96009FBCF1 /* ChapterSelectionView.swift */; };
		8B75DBD724FC1E96009FBCF1 /* ChapterSelectionView.swift in Sources */ = {isa = PBXBuildFile; fileRef = 8B75DBD524FC1E96009FBCF1 /* ChapterSelectionView.swift */; };
		8B75DBD924FC2911009FBCF1 /* DownloadedMangaListRow.swift in Sources */ = {isa = PBXBuildFile; fileRef = 8B75DBD824FC2911009FBCF1 /* DownloadedMangaListRow.swift */; };
		8B75DBDA24FC2911009FBCF1 /* DownloadedMangaListRow.swift in Sources */ = {isa = PBXBuildFile; fileRef = 8B75DBD824FC2911009FBCF1 /* DownloadedMangaListRow.swift */; };
		8B8560D925018E7B00243543 /* DownloadedChapter+CoreDataClass.swift in Sources */ = {isa = PBXBuildFile; fileRef = 8B8560D525018E7B00243543 /* DownloadedChapter+CoreDataClass.swift */; };
		8B8560DA25018E7B00243543 /* DownloadedChapter+CoreDataClass.swift in Sources */ = {isa = PBXBuildFile; fileRef = 8B8560D525018E7B00243543 /* DownloadedChapter+CoreDataClass.swift */; };
		8B8560DB25018E7B00243543 /* DownloadedChapter+CoreDataProperties.swift in Sources */ = {isa = PBXBuildFile; fileRef = 8B8560D625018E7B00243543 /* DownloadedChapter+CoreDataProperties.swift */; };
		8B8560DC25018E7B00243543 /* DownloadedChapter+CoreDataProperties.swift in Sources */ = {isa = PBXBuildFile; fileRef = 8B8560D625018E7B00243543 /* DownloadedChapter+CoreDataProperties.swift */; };
		8B8560DD25018E7B00243543 /* DownloadedManga+CoreDataClass.swift in Sources */ = {isa = PBXBuildFile; fileRef = 8B8560D725018E7B00243543 /* DownloadedManga+CoreDataClass.swift */; };
		8B8560DE25018E7B00243543 /* DownloadedManga+CoreDataClass.swift in Sources */ = {isa = PBXBuildFile; fileRef = 8B8560D725018E7B00243543 /* DownloadedManga+CoreDataClass.swift */; };
		8B8560DF25018E7B00243543 /* DownloadedManga+CoreDataProperties.swift in Sources */ = {isa = PBXBuildFile; fileRef = 8B8560D825018E7B00243543 /* DownloadedManga+CoreDataProperties.swift */; };
		8B8560E025018E7B00243543 /* DownloadedManga+CoreDataProperties.swift in Sources */ = {isa = PBXBuildFile; fileRef = 8B8560D825018E7B00243543 /* DownloadedManga+CoreDataProperties.swift */; };
		8B96E18024ED9CDC00717DCC /* MailComposer.swift in Sources */ = {isa = PBXBuildFile; fileRef = 8B96E17F24ED9CDC00717DCC /* MailComposer.swift */; };
		8B96E18124ED9CDC00717DCC /* MailComposer.swift in Sources */ = {isa = PBXBuildFile; fileRef = 8B96E17F24ED9CDC00717DCC /* MailComposer.swift */; };
		8B9718F324E9314400E5563F /* LatestUpdatesView.swift in Sources */ = {isa = PBXBuildFile; fileRef = 8B9718F224E9314400E5563F /* LatestUpdatesView.swift */; };
		8B9718F424E9314400E5563F /* LatestUpdatesView.swift in Sources */ = {isa = PBXBuildFile; fileRef = 8B9718F224E9314400E5563F /* LatestUpdatesView.swift */; };
		8B9862FE24CA29B200AC3AF9 /* SwiftSoup in Frameworks */ = {isa = PBXBuildFile; productRef = 8B9862FD24CA29B200AC3AF9 /* SwiftSoup */; };
		8B9A363624CB6B8000518294 /* Tag.swift in Sources */ = {isa = PBXBuildFile; fileRef = 8B9A363524CB6B8000518294 /* Tag.swift */; };
		8B9A363724CB6B8000518294 /* Tag.swift in Sources */ = {isa = PBXBuildFile; fileRef = 8B9A363524CB6B8000518294 /* Tag.swift */; };
		8B9A363924CB6E9200518294 /* SearchByNameView.swift in Sources */ = {isa = PBXBuildFile; fileRef = 8B9A363824CB6E9200518294 /* SearchByNameView.swift */; };
		8B9A363A24CB6E9200518294 /* SearchByNameView.swift in Sources */ = {isa = PBXBuildFile; fileRef = 8B9A363824CB6E9200518294 /* SearchByNameView.swift */; };
		8BACBB0224C8632C005D5F08 /* LogInView.swift in Sources */ = {isa = PBXBuildFile; fileRef = 8BACBB0124C8632C005D5F08 /* LogInView.swift */; };
		8BACBB0324C8632C005D5F08 /* LogInView.swift in Sources */ = {isa = PBXBuildFile; fileRef = 8BACBB0124C8632C005D5F08 /* LogInView.swift */; };
		8BB899D2250C04A700968FF1 /* UpdatedMangas.swift in Sources */ = {isa = PBXBuildFile; fileRef = 8BB899D1250C04A700968FF1 /* UpdatedMangas.swift */; };
		8BB899D5250C106400968FF1 /* SwiftSoup in Frameworks */ = {isa = PBXBuildFile; productRef = 8BB899D4250C106400968FF1 /* SwiftSoup */; };
		8BB93FBA24EC5E2700FAFEFC /* ErrorView.swift in Sources */ = {isa = PBXBuildFile; fileRef = 8BB93FB924EC5E2700FAFEFC /* ErrorView.swift */; };
		8BB93FBB24EC5E2700FAFEFC /* ErrorView.swift in Sources */ = {isa = PBXBuildFile; fileRef = 8BB93FB924EC5E2700FAFEFC /* ErrorView.swift */; };
		8BBA7D5824CF606B004BAF63 /* Manga.swift in Sources */ = {isa = PBXBuildFile; fileRef = 8BBA7D5724CF606B004BAF63 /* Manga.swift */; };
		8BBA7D5924CF606B004BAF63 /* Manga.swift in Sources */ = {isa = PBXBuildFile; fileRef = 8BBA7D5724CF606B004BAF63 /* Manga.swift */; };
		8BBA7D5B24CF6176004BAF63 /* MangaView.swift in Sources */ = {isa = PBXBuildFile; fileRef = 8BBA7D5A24CF6176004BAF63 /* MangaView.swift */; };
		8BBA7D5C24CF6176004BAF63 /* MangaView.swift in Sources */ = {isa = PBXBuildFile; fileRef = 8BBA7D5A24CF6176004BAF63 /* MangaView.swift */; };
		8BBE441B24F6B8DC00DA19CF /* TodayView.swift in Sources */ = {isa = PBXBuildFile; fileRef = 8BBE441A24F6B8DC00DA19CF /* TodayView.swift */; };
		8BBE441C24F6B8DC00DA19CF /* TodayView.swift in Sources */ = {isa = PBXBuildFile; fileRef = 8BBE441A24F6B8DC00DA19CF /* TodayView.swift */; };
		8BE0851C24F4FAD70074F4C2 /* MangaViewTags.swift in Sources */ = {isa = PBXBuildFile; fileRef = 8BE0851B24F4FAD70074F4C2 /* MangaViewTags.swift */; };
		8BE0851D24F4FAD70074F4C2 /* MangaViewTags.swift in Sources */ = {isa = PBXBuildFile; fileRef = 8BE0851B24F4FAD70074F4C2 /* MangaViewTags.swift */; };
		8BE0851F24F4FE300074F4C2 /* MangaViewChapterList.swift in Sources */ = {isa = PBXBuildFile; fileRef = 8BE0851E24F4FE300074F4C2 /* MangaViewChapterList.swift */; };
		8BE0852024F4FE300074F4C2 /* MangaViewChapterList.swift in Sources */ = {isa = PBXBuildFile; fileRef = 8BE0851E24F4FE300074F4C2 /* MangaViewChapterList.swift */; };
		8BE0852224F4FFB50074F4C2 /* MangaViewTitle.swift in Sources */ = {isa = PBXBuildFile; fileRef = 8BE0852124F4FFB50074F4C2 /* MangaViewTitle.swift */; };
		8BE0852324F4FFB50074F4C2 /* MangaViewTitle.swift in Sources */ = {isa = PBXBuildFile; fileRef = 8BE0852124F4FFB50074F4C2 /* MangaViewTitle.swift */; };
		8BFF727E24F953FC00D2914D /* InitialOnboardingView.swift in Sources */ = {isa = PBXBuildFile; fileRef = 8BFF727D24F953FC00D2914D /* InitialOnboardingView.swift */; };
		8BFF727F24F953FC00D2914D /* InitialOnboardingView.swift in Sources */ = {isa = PBXBuildFile; fileRef = 8BFF727D24F953FC00D2914D /* InitialOnboardingView.swift */; };
/* End PBXBuildFile section */

/* Begin PBXContainerItemProxy section */
		8B0F72AA250BED3C000E5F41 /* PBXContainerItemProxy */ = {
			isa = PBXContainerItemProxy;
			containerPortal = 8B49D5FA24C77EAB007D1FFE /* Project object */;
			proxyType = 1;
			remoteGlobalIDString = 8B0F72A0250BED3C000E5F41;
			remoteInfo = LatestUpdatesWidgetExtension;
		};
		8B49D61724C77EAC007D1FFE /* PBXContainerItemProxy */ = {
			isa = PBXContainerItemProxy;
			containerPortal = 8B49D5FA24C77EAB007D1FFE /* Project object */;
			proxyType = 1;
			remoteGlobalIDString = 8B49D60524C77EAC007D1FFE;
			remoteInfo = iOS;
		};
		8B49D62224C77EAC007D1FFE /* PBXContainerItemProxy */ = {
			isa = PBXContainerItemProxy;
			containerPortal = 8B49D5FA24C77EAB007D1FFE /* Project object */;
			proxyType = 1;
			remoteGlobalIDString = 8B49D60D24C77EAC007D1FFE;
			remoteInfo = macOS;
		};
/* End PBXContainerItemProxy section */

/* Begin PBXCopyFilesBuildPhase section */
		8B572059250BEBFD00A2DFCD /* Embed App Extensions */ = {
			isa = PBXCopyFilesBuildPhase;
			buildActionMask = 2147483647;
			dstPath = "";
			dstSubfolderSpec = 13;
			files = (
				8B0F72AC250BED3C000E5F41 /* LatestUpdatesWidgetExtension.appex in Embed App Extensions */,
			);
			name = "Embed App Extensions";
			runOnlyForDeploymentPostprocessing = 0;
		};
/* End PBXCopyFilesBuildPhase section */

/* Begin PBXFileReference section */
		8B0F72A1250BED3C000E5F41 /* LatestUpdatesWidgetExtension.appex */ = {isa = PBXFileReference; explicitFileType = "wrapper.app-extension"; includeInIndex = 0; path = LatestUpdatesWidgetExtension.appex; sourceTree = BUILT_PRODUCTS_DIR; };
		8B0F72A5250BED3C000E5F41 /* LatestUpdatesWidget.swift */ = {isa = PBXFileReference; lastKnownFileType = sourcecode.swift; path = LatestUpdatesWidget.swift; sourceTree = "<group>"; };
		8B0F72A7250BED3C000E5F41 /* Assets.xcassets */ = {isa = PBXFileReference; lastKnownFileType = folder.assetcatalog; path = Assets.xcassets; sourceTree = "<group>"; };
		8B0F72A9250BED3C000E5F41 /* Info.plist */ = {isa = PBXFileReference; lastKnownFileType = text.plist.xml; path = Info.plist; sourceTree = "<group>"; };
		8B2206AD250D7D3D00E28D3A /* Tsuki.entitlements */ = {isa = PBXFileReference; lastKnownFileType = text.plist.entitlements; path = Tsuki.entitlements; sourceTree = "<group>"; };
		8B2206AE250D7E5700E28D3A /* LatestUpdatesWidgetExtension.entitlements */ = {isa = PBXFileReference; lastKnownFileType = text.plist.entitlements; path = LatestUpdatesWidgetExtension.entitlements; sourceTree = "<group>"; };
		8B2D726024DBDABC004C1602 /* MangaGrid.swift */ = {isa = PBXFileReference; lastKnownFileType = sourcecode.swift; path = MangaGrid.swift; sourceTree = "<group>"; };
		8B2D726324DBDD0D004C1602 /* LibraryView.swift */ = {isa = PBXFileReference; lastKnownFileType = sourcecode.swift; path = LibraryView.swift; sourceTree = "<group>"; };
		8B31D35124D2054200A17C94 /* Chapter.swift */ = {isa = PBXFileReference; lastKnownFileType = sourcecode.swift; path = Chapter.swift; sourceTree = "<group>"; };
		8B31D35524D2245500A17C94 /* ChapterView.swift */ = {isa = PBXFileReference; lastKnownFileType = sourcecode.swift; path = ChapterView.swift; sourceTree = "<group>"; };
		8B36F36B250E88210085F52D /* WidgetURL.swift */ = {isa = PBXFileReference; lastKnownFileType = sourcecode.swift; path = WidgetURL.swift; sourceTree = "<group>"; };
		8B49D5FF24C77EAB007D1FFE /* TsukiApp.swift */ = {isa = PBXFileReference; lastKnownFileType = sourcecode.swift; path = TsukiApp.swift; sourceTree = "<group>"; };
		8B49D60024C77EAB007D1FFE /* ContentView.swift */ = {isa = PBXFileReference; lastKnownFileType = sourcecode.swift; path = ContentView.swift; sourceTree = "<group>"; };
		8B49D60124C77EAC007D1FFE /* Assets.xcassets */ = {isa = PBXFileReference; lastKnownFileType = folder.assetcatalog; path = Assets.xcassets; sourceTree = "<group>"; };
		8B49D60624C77EAC007D1FFE /* Tsuki.app */ = {isa = PBXFileReference; explicitFileType = wrapper.application; includeInIndex = 0; path = Tsuki.app; sourceTree = BUILT_PRODUCTS_DIR; };
		8B49D60924C77EAC007D1FFE /* Info.plist */ = {isa = PBXFileReference; lastKnownFileType = text.plist.xml; path = Info.plist; sourceTree = "<group>"; };
		8B49D60E24C77EAC007D1FFE /* Tsuki.app */ = {isa = PBXFileReference; explicitFileType = wrapper.application; includeInIndex = 0; path = Tsuki.app; sourceTree = BUILT_PRODUCTS_DIR; };
		8B49D61024C77EAC007D1FFE /* Info.plist */ = {isa = PBXFileReference; lastKnownFileType = text.plist.xml; path = Info.plist; sourceTree = "<group>"; };
		8B49D61124C77EAC007D1FFE /* macOS.entitlements */ = {isa = PBXFileReference; lastKnownFileType = text.plist.entitlements; path = macOS.entitlements; sourceTree = "<group>"; };
		8B49D61624C77EAC007D1FFE /* Tests iOS.xctest */ = {isa = PBXFileReference; explicitFileType = wrapper.cfbundle; includeInIndex = 0; path = "Tests iOS.xctest"; sourceTree = BUILT_PRODUCTS_DIR; };
		8B49D61A24C77EAC007D1FFE /* Tests_iOS.swift */ = {isa = PBXFileReference; lastKnownFileType = sourcecode.swift; path = Tests_iOS.swift; sourceTree = "<group>"; };
		8B49D61C24C77EAC007D1FFE /* Info.plist */ = {isa = PBXFileReference; lastKnownFileType = text.plist.xml; path = Info.plist; sourceTree = "<group>"; };
		8B49D62124C77EAC007D1FFE /* Tests macOS.xctest */ = {isa = PBXFileReference; explicitFileType = wrapper.cfbundle; includeInIndex = 0; path = "Tests macOS.xctest"; sourceTree = BUILT_PRODUCTS_DIR; };
		8B49D62524C77EAC007D1FFE /* Tests_macOS.swift */ = {isa = PBXFileReference; lastKnownFileType = sourcecode.swift; path = Tests_macOS.swift; sourceTree = "<group>"; };
		8B49D62724C77EAC007D1FFE /* Info.plist */ = {isa = PBXFileReference; lastKnownFileType = text.plist.xml; path = Info.plist; sourceTree = "<group>"; };
		8B53722924FA6EBC006D95BD /* SignInRequiredView.swift */ = {isa = PBXFileReference; lastKnownFileType = sourcecode.swift; path = SignInRequiredView.swift; sourceTree = "<group>"; };
		8B572049250BEBFB00A2DFCD /* WidgetKit.framework */ = {isa = PBXFileReference; lastKnownFileType = wrapper.framework; name = WidgetKit.framework; path = System/Library/Frameworks/WidgetKit.framework; sourceTree = SDKROOT; };
		8B57204B250BEBFB00A2DFCD /* SwiftUI.framework */ = {isa = PBXFileReference; lastKnownFileType = wrapper.framework; name = SwiftUI.framework; path = System/Library/Frameworks/SwiftUI.framework; sourceTree = SDKROOT; };
		8B59E13C24F9780400392E6E /* AccountView.swift */ = {isa = PBXFileReference; lastKnownFileType = sourcecode.swift; path = AccountView.swift; sourceTree = "<group>"; };
		8B5E33BC24C8D0210042EDC3 /* SearchView.swift */ = {isa = PBXFileReference; lastKnownFileType = sourcecode.swift; path = SearchView.swift; sourceTree = "<group>"; };
		8B6A6B7C24F4330D00D4E9D8 /* AppState.swift */ = {isa = PBXFileReference; lastKnownFileType = sourcecode.swift; path = AppState.swift; sourceTree = "<group>"; };
		8B75DB7C24FBF999009FBCF1 /* Tsuki.xcdatamodel */ = {isa = PBXFileReference; lastKnownFileType = wrapper.xcdatamodel; path = Tsuki.xcdatamodel; sourceTree = "<group>"; };
		8B75DB7F24FBFB88009FBCF1 /* LibraryLink.swift */ = {isa = PBXFileReference; lastKnownFileType = sourcecode.swift; path = LibraryLink.swift; sourceTree = "<group>"; };
		8B75DB8224FBFBFD009FBCF1 /* DownloadedMangaView.swift */ = {isa = PBXFileReference; lastKnownFileType = sourcecode.swift; path = DownloadedMangaView.swift; sourceTree = "<group>"; };
		8B75DBD224FC0A77009FBCF1 /* PersistentStore.swift */ = {isa = PBXFileReference; lastKnownFileType = sourcecode.swift; path = PersistentStore.swift; sourceTree = "<group>"; };
		8B75DBD524FC1E96009FBCF1 /* ChapterSelectionView.swift */ = {isa = PBXFileReference; lastKnownFileType = sourcecode.swift; path = ChapterSelectionView.swift; sourceTree = "<group>"; };
		8B75DBD824FC2911009FBCF1 /* DownloadedMangaListRow.swift */ = {isa = PBXFileReference; lastKnownFileType = sourcecode.swift; path = DownloadedMangaListRow.swift; sourceTree = "<group>"; };
		8B8560D525018E7B00243543 /* DownloadedChapter+CoreDataClass.swift */ = {isa = PBXFileReference; lastKnownFileType = sourcecode.swift; path = "DownloadedChapter+CoreDataClass.swift"; sourceTree = "<group>"; };
		8B8560D625018E7B00243543 /* DownloadedChapter+CoreDataProperties.swift */ = {isa = PBXFileReference; lastKnownFileType = sourcecode.swift; path = "DownloadedChapter+CoreDataProperties.swift"; sourceTree = "<group>"; };
		8B8560D725018E7B00243543 /* DownloadedManga+CoreDataClass.swift */ = {isa = PBXFileReference; lastKnownFileType = sourcecode.swift; path = "DownloadedManga+CoreDataClass.swift"; sourceTree = "<group>"; };
		8B8560D825018E7B00243543 /* DownloadedManga+CoreDataProperties.swift */ = {isa = PBXFileReference; lastKnownFileType = sourcecode.swift; path = "DownloadedManga+CoreDataProperties.swift"; sourceTree = "<group>"; };
		8B96E17F24ED9CDC00717DCC /* MailComposer.swift */ = {isa = PBXFileReference; lastKnownFileType = sourcecode.swift; path = MailComposer.swift; sourceTree = "<group>"; };
		8B9718F224E9314400E5563F /* LatestUpdatesView.swift */ = {isa = PBXFileReference; lastKnownFileType = sourcecode.swift; path = LatestUpdatesView.swift; sourceTree = "<group>"; };
		8B9A363524CB6B8000518294 /* Tag.swift */ = {isa = PBXFileReference; lastKnownFileType = sourcecode.swift; path = Tag.swift; sourceTree = "<group>"; };
		8B9A363824CB6E9200518294 /* SearchByNameView.swift */ = {isa = PBXFileReference; lastKnownFileType = sourcecode.swift; path = SearchByNameView.swift; sourceTree = "<group>"; };
		8BACBB0124C8632C005D5F08 /* LogInView.swift */ = {isa = PBXFileReference; lastKnownFileType = sourcecode.swift; path = LogInView.swift; sourceTree = "<group>"; };
		8BB899D1250C04A700968FF1 /* UpdatedMangas.swift */ = {isa = PBXFileReference; lastKnownFileType = sourcecode.swift; path = UpdatedMangas.swift; sourceTree = "<group>"; };
		8BB93FB924EC5E2700FAFEFC /* ErrorView.swift */ = {isa = PBXFileReference; lastKnownFileType = sourcecode.swift; path = ErrorView.swift; sourceTree = "<group>"; };
		8BBA7D5724CF606B004BAF63 /* Manga.swift */ = {isa = PBXFileReference; lastKnownFileType = sourcecode.swift; path = Manga.swift; sourceTree = "<group>"; };
		8BBA7D5A24CF6176004BAF63 /* MangaView.swift */ = {isa = PBXFileReference; lastKnownFileType = sourcecode.swift; path = MangaView.swift; sourceTree = "<group>"; };
		8BBE441A24F6B8DC00DA19CF /* TodayView.swift */ = {isa = PBXFileReference; lastKnownFileType = sourcecode.swift; path = TodayView.swift; sourceTree = "<group>"; };
		8BE0851B24F4FAD70074F4C2 /* MangaViewTags.swift */ = {isa = PBXFileReference; lastKnownFileType = sourcecode.swift; path = MangaViewTags.swift; sourceTree = "<group>"; };
		8BE0851E24F4FE300074F4C2 /* MangaViewChapterList.swift */ = {isa = PBXFileReference; lastKnownFileType = sourcecode.swift; path = MangaViewChapterList.swift; sourceTree = "<group>"; };
		8BE0852124F4FFB50074F4C2 /* MangaViewTitle.swift */ = {isa = PBXFileReference; lastKnownFileType = sourcecode.swift; path = MangaViewTitle.swift; sourceTree = "<group>"; };
		8BFF727D24F953FC00D2914D /* InitialOnboardingView.swift */ = {isa = PBXFileReference; lastKnownFileType = sourcecode.swift; path = InitialOnboardingView.swift; sourceTree = "<group>"; };
/* End PBXFileReference section */

/* Begin PBXFrameworksBuildPhase section */
		8B0F729E250BED3C000E5F41 /* Frameworks */ = {
			isa = PBXFrameworksBuildPhase;
			buildActionMask = 2147483647;
			files = (
				8B0F72A3250BED3C000E5F41 /* SwiftUI.framework in Frameworks */,
				8B0F72A2250BED3C000E5F41 /* WidgetKit.framework in Frameworks */,
				8BB899D5250C106400968FF1 /* SwiftSoup in Frameworks */,
			);
			runOnlyForDeploymentPostprocessing = 0;
		};
		8B49D60324C77EAC007D1FFE /* Frameworks */ = {
			isa = PBXFrameworksBuildPhase;
			buildActionMask = 2147483647;
			files = (
				8B6504CD24CCDFCE00BFAD22 /* SDWebImageSwiftUI in Frameworks */,
				8B9862FE24CA29B200AC3AF9 /* SwiftSoup in Frameworks */,
			);
			runOnlyForDeploymentPostprocessing = 0;
		};
		8B49D60B24C77EAC007D1FFE /* Frameworks */ = {
			isa = PBXFrameworksBuildPhase;
			buildActionMask = 2147483647;
			files = (
			);
			runOnlyForDeploymentPostprocessing = 0;
		};
		8B49D61324C77EAC007D1FFE /* Frameworks */ = {
			isa = PBXFrameworksBuildPhase;
			buildActionMask = 2147483647;
			files = (
			);
			runOnlyForDeploymentPostprocessing = 0;
		};
		8B49D61E24C77EAC007D1FFE /* Frameworks */ = {
			isa = PBXFrameworksBuildPhase;
			buildActionMask = 2147483647;
			files = (
			);
			runOnlyForDeploymentPostprocessing = 0;
		};
/* End PBXFrameworksBuildPhase section */

/* Begin PBXGroup section */
		8B0F72A4250BED3C000E5F41 /* LatestUpdatesWidget */ = {
			isa = PBXGroup;
			children = (
				8B0F72A5250BED3C000E5F41 /* LatestUpdatesWidget.swift */,
				8B0F72A7250BED3C000E5F41 /* Assets.xcassets */,
				8B0F72A9250BED3C000E5F41 /* Info.plist */,
				8BB899D1250C04A700968FF1 /* UpdatedMangas.swift */,
			);
			path = LatestUpdatesWidget;
			sourceTree = "<group>";
		};
		8B49D5F924C77EAB007D1FFE = {
			isa = PBXGroup;
			children = (
				8B2206AE250D7E5700E28D3A /* LatestUpdatesWidgetExtension.entitlements */,
				8B75DBD224FC0A77009FBCF1 /* PersistentStore.swift */,
				8B49D5FE24C77EAB007D1FFE /* Shared */,
				8B49D60824C77EAC007D1FFE /* iOS */,
				8B49D60F24C77EAC007D1FFE /* macOS */,
				8B49D61924C77EAC007D1FFE /* Tests iOS */,
				8B49D62424C77EAC007D1FFE /* Tests macOS */,
				8B0F72A4250BED3C000E5F41 /* LatestUpdatesWidget */,
				8B572048250BEBFB00A2DFCD /* Frameworks */,
				8B49D60724C77EAC007D1FFE /* Products */,
			);
			sourceTree = "<group>";
		};
		8B49D5FE24C77EAB007D1FFE /* Shared */ = {
			isa = PBXGroup;
			children = (
				8B8560D425018E5000243543 /* CoreData */,
				8B49D5FF24C77EAB007D1FFE /* TsukiApp.swift */,
				8B6A6B7C24F4330D00D4E9D8 /* AppState.swift */,
				8BE0851E24F4FE300074F4C2 /* MangaViewChapterList.swift */,
				8B96E18224EDA2DB00717DCC /* Views */,
				8B96E18624EDA43400717DCC /* Data models */,
				8B96E18724EDA45700717DCC /* Helpers */,
				8B49D60124C77EAC007D1FFE /* Assets.xcassets */,
			);
			path = Shared;
			sourceTree = "<group>";
		};
		8B49D60724C77EAC007D1FFE /* Products */ = {
			isa = PBXGroup;
			children = (
				8B49D60624C77EAC007D1FFE /* Tsuki.app */,
				8B49D60E24C77EAC007D1FFE /* Tsuki.app */,
				8B49D61624C77EAC007D1FFE /* Tests iOS.xctest */,
				8B49D62124C77EAC007D1FFE /* Tests macOS.xctest */,
				8B0F72A1250BED3C000E5F41 /* LatestUpdatesWidgetExtension.appex */,
			);
			name = Products;
			sourceTree = "<group>";
		};
		8B49D60824C77EAC007D1FFE /* iOS */ = {
			isa = PBXGroup;
			children = (
				8B2206AD250D7D3D00E28D3A /* Tsuki.entitlements */,
				8B49D60924C77EAC007D1FFE /* Info.plist */,
			);
			path = iOS;
			sourceTree = "<group>";
		};
		8B49D60F24C77EAC007D1FFE /* macOS */ = {
			isa = PBXGroup;
			children = (
				8B49D61024C77EAC007D1FFE /* Info.plist */,
				8B49D61124C77EAC007D1FFE /* macOS.entitlements */,
			);
			path = macOS;
			sourceTree = "<group>";
		};
		8B49D61924C77EAC007D1FFE /* Tests iOS */ = {
			isa = PBXGroup;
			children = (
				8B49D61A24C77EAC007D1FFE /* Tests_iOS.swift */,
				8B49D61C24C77EAC007D1FFE /* Info.plist */,
			);
			path = "Tests iOS";
			sourceTree = "<group>";
		};
		8B49D62424C77EAC007D1FFE /* Tests macOS */ = {
			isa = PBXGroup;
			children = (
				8B49D62524C77EAC007D1FFE /* Tests_macOS.swift */,
				8B49D62724C77EAC007D1FFE /* Info.plist */,
			);
			path = "Tests macOS";
			sourceTree = "<group>";
		};
		8B572048250BEBFB00A2DFCD /* Frameworks */ = {
			isa = PBXGroup;
			children = (
				8B572049250BEBFB00A2DFCD /* WidgetKit.framework */,
				8B57204B250BEBFB00A2DFCD /* SwiftUI.framework */,
			);
			name = Frameworks;
			sourceTree = "<group>";
		};
		8B8560D425018E5000243543 /* CoreData */ = {
			isa = PBXGroup;
			children = (
				8B8560D525018E7B00243543 /* DownloadedChapter+CoreDataClass.swift */,
				8B8560D625018E7B00243543 /* DownloadedChapter+CoreDataProperties.swift */,
				8B8560D725018E7B00243543 /* DownloadedManga+CoreDataClass.swift */,
				8B8560D825018E7B00243543 /* DownloadedManga+CoreDataProperties.swift */,
				8B75DB7B24FBF999009FBCF1 /* Tsuki.xcdatamodeld */,
			);
			path = CoreData;
			sourceTree = "<group>";
		};
		8B96E18224EDA2DB00717DCC /* Views */ = {
			isa = PBXGroup;
			children = (
				8B49D60024C77EAB007D1FFE /* ContentView.swift */,
				8BBE441A24F6B8DC00DA19CF /* TodayView.swift */,
				8B59E13C24F9780400392E6E /* AccountView.swift */,
				8B96E18324EDA32300717DCC /* Search Views */,
				8B96E18424EDA37100717DCC /* Reader Views */,
				8B96E18524EDA3D900717DCC /* Library Views */,
				8BB1830824F9513F00B4BE6D /* Onboarding Experience */,
				8BB93FB924EC5E2700FAFEFC /* ErrorView.swift */,
			);
			path = Views;
			sourceTree = "<group>";
		};
		8B96E18324EDA32300717DCC /* Search Views */ = {
			isa = PBXGroup;
			children = (
				8B5E33BC24C8D0210042EDC3 /* SearchView.swift */,
				8B9A363824CB6E9200518294 /* SearchByNameView.swift */,
			);
			path = "Search Views";
			sourceTree = "<group>";
		};
		8B96E18424EDA37100717DCC /* Reader Views */ = {
			isa = PBXGroup;
			children = (
				8BBA7D5A24CF6176004BAF63 /* MangaView.swift */,
				8BE0852124F4FFB50074F4C2 /* MangaViewTitle.swift */,
				8BE0851B24F4FAD70074F4C2 /* MangaViewTags.swift */,
				8B75DBD524FC1E96009FBCF1 /* ChapterSelectionView.swift */,
				8B31D35524D2245500A17C94 /* ChapterView.swift */,
			);
			path = "Reader Views";
			sourceTree = "<group>";
		};
		8B96E18524EDA3D900717DCC /* Library Views */ = {
			isa = PBXGroup;
			children = (
				8B2D726324DBDD0D004C1602 /* LibraryView.swift */,
				8B75DB8224FBFBFD009FBCF1 /* DownloadedMangaView.swift */,
				8B75DBD824FC2911009FBCF1 /* DownloadedMangaListRow.swift */,
				8B9718F224E9314400E5563F /* LatestUpdatesView.swift */,
			);
			path = "Library Views";
			sourceTree = "<group>";
		};
		8B96E18624EDA43400717DCC /* Data models */ = {
			isa = PBXGroup;
			children = (
				8BBA7D5724CF606B004BAF63 /* Manga.swift */,
				8B31D35124D2054200A17C94 /* Chapter.swift */,
				8B9A363524CB6B8000518294 /* Tag.swift */,
				8B36F36B250E88210085F52D /* WidgetURL.swift */,
			);
			path = "Data models";
			sourceTree = "<group>";
		};
		8B96E18724EDA45700717DCC /* Helpers */ = {
			isa = PBXGroup;
			children = (
				8B75DB7F24FBFB88009FBCF1 /* LibraryLink.swift */,
				8B2D726024DBDABC004C1602 /* MangaGrid.swift */,
				8B96E17F24ED9CDC00717DCC /* MailComposer.swift */,
				8B53722924FA6EBC006D95BD /* SignInRequiredView.swift */,
			);
			path = Helpers;
			sourceTree = "<group>";
		};
		8BB1830824F9513F00B4BE6D /* Onboarding Experience */ = {
			isa = PBXGroup;
			children = (
				8BACBB0124C8632C005D5F08 /* LogInView.swift */,
				8BFF727D24F953FC00D2914D /* InitialOnboardingView.swift */,
			);
			path = "Onboarding Experience";
			sourceTree = "<group>";
		};
/* End PBXGroup section */

/* Begin PBXNativeTarget section */
		8B0F72A0250BED3C000E5F41 /* LatestUpdatesWidgetExtension */ = {
			isa = PBXNativeTarget;
			buildConfigurationList = 8B0F72AF250BED3C000E5F41 /* Build configuration list for PBXNativeTarget "LatestUpdatesWidgetExtension" */;
			buildPhases = (
				8B0F729D250BED3C000E5F41 /* Sources */,
				8B0F729E250BED3C000E5F41 /* Frameworks */,
				8B0F729F250BED3C000E5F41 /* Resources */,
			);
			buildRules = (
			);
			dependencies = (
			);
			name = LatestUpdatesWidgetExtension;
			packageProductDependencies = (
				8BB899D4250C106400968FF1 /* SwiftSoup */,
			);
			productName = LatestUpdatesWidgetExtension;
			productReference = 8B0F72A1250BED3C000E5F41 /* LatestUpdatesWidgetExtension.appex */;
			productType = "com.apple.product-type.app-extension";
		};
		8B49D60524C77EAC007D1FFE /* iOS */ = {
			isa = PBXNativeTarget;
			buildConfigurationList = 8B49D63024C77EAC007D1FFE /* Build configuration list for PBXNativeTarget "iOS" */;
			buildPhases = (
				8B49D60224C77EAC007D1FFE /* Sources */,
				8B49D60324C77EAC007D1FFE /* Frameworks */,
				8B49D60424C77EAC007D1FFE /* Resources */,
				8B572059250BEBFD00A2DFCD /* Embed App Extensions */,
			);
			buildRules = (
			);
			dependencies = (
				8B0F72AB250BED3C000E5F41 /* PBXTargetDependency */,
			);
			name = iOS;
			packageProductDependencies = (
				8B9862FD24CA29B200AC3AF9 /* SwiftSoup */,
				8B6504CC24CCDFCE00BFAD22 /* SDWebImageSwiftUI */,
			);
			productName = iOS;
			productReference = 8B49D60624C77EAC007D1FFE /* Tsuki.app */;
			productType = "com.apple.product-type.application";
		};
		8B49D60D24C77EAC007D1FFE /* macOS */ = {
			isa = PBXNativeTarget;
			buildConfigurationList = 8B49D63324C77EAC007D1FFE /* Build configuration list for PBXNativeTarget "macOS" */;
			buildPhases = (
				8B49D60A24C77EAC007D1FFE /* Sources */,
				8B49D60B24C77EAC007D1FFE /* Frameworks */,
				8B49D60C24C77EAC007D1FFE /* Resources */,
			);
			buildRules = (
			);
			dependencies = (
			);
			name = macOS;
			productName = macOS;
			productReference = 8B49D60E24C77EAC007D1FFE /* Tsuki.app */;
			productType = "com.apple.product-type.application";
		};
		8B49D61524C77EAC007D1FFE /* Tests iOS */ = {
			isa = PBXNativeTarget;
			buildConfigurationList = 8B49D63624C77EAC007D1FFE /* Build configuration list for PBXNativeTarget "Tests iOS" */;
			buildPhases = (
				8B49D61224C77EAC007D1FFE /* Sources */,
				8B49D61324C77EAC007D1FFE /* Frameworks */,
				8B49D61424C77EAC007D1FFE /* Resources */,
			);
			buildRules = (
			);
			dependencies = (
				8B49D61824C77EAC007D1FFE /* PBXTargetDependency */,
			);
			name = "Tests iOS";
			productName = "Tests iOS";
			productReference = 8B49D61624C77EAC007D1FFE /* Tests iOS.xctest */;
			productType = "com.apple.product-type.bundle.ui-testing";
		};
		8B49D62024C77EAC007D1FFE /* Tests macOS */ = {
			isa = PBXNativeTarget;
			buildConfigurationList = 8B49D63924C77EAC007D1FFE /* Build configuration list for PBXNativeTarget "Tests macOS" */;
			buildPhases = (
				8B49D61D24C77EAC007D1FFE /* Sources */,
				8B49D61E24C77EAC007D1FFE /* Frameworks */,
				8B49D61F24C77EAC007D1FFE /* Resources */,
			);
			buildRules = (
			);
			dependencies = (
				8B49D62324C77EAC007D1FFE /* PBXTargetDependency */,
			);
			name = "Tests macOS";
			productName = "Tests macOS";
			productReference = 8B49D62124C77EAC007D1FFE /* Tests macOS.xctest */;
			productType = "com.apple.product-type.bundle.ui-testing";
		};
/* End PBXNativeTarget section */

/* Begin PBXProject section */
		8B49D5FA24C77EAB007D1FFE /* Project object */ = {
			isa = PBXProject;
			attributes = {
				LastSwiftUpdateCheck = 1200;
				LastUpgradeCheck = 1200;
				TargetAttributes = {
					8B0F72A0250BED3C000E5F41 = {
						CreatedOnToolsVersion = 12.0;
					};
					8B49D60524C77EAC007D1FFE = {
						CreatedOnToolsVersion = 12.0;
					};
					8B49D60D24C77EAC007D1FFE = {
						CreatedOnToolsVersion = 12.0;
					};
					8B49D61524C77EAC007D1FFE = {
						CreatedOnToolsVersion = 12.0;
						TestTargetID = 8B49D60524C77EAC007D1FFE;
					};
					8B49D62024C77EAC007D1FFE = {
						CreatedOnToolsVersion = 12.0;
						TestTargetID = 8B49D60D24C77EAC007D1FFE;
					};
				};
			};
			buildConfigurationList = 8B49D5FD24C77EAB007D1FFE /* Build configuration list for PBXProject "Tsuki" */;
			compatibilityVersion = "Xcode 9.3";
			developmentRegion = en;
			hasScannedForEncodings = 0;
			knownRegions = (
				en,
				Base,
			);
			mainGroup = 8B49D5F924C77EAB007D1FFE;
			packageReferences = (
				8B9862FC24CA29B100AC3AF9 /* XCRemoteSwiftPackageReference "SwiftSoup" */,
				8B6504CB24CCDFCE00BFAD22 /* XCRemoteSwiftPackageReference "SDWebImageSwiftUI" */,
			);
			productRefGroup = 8B49D60724C77EAC007D1FFE /* Products */;
			projectDirPath = "";
			projectRoot = "";
			targets = (
				8B49D60524C77EAC007D1FFE /* iOS */,
				8B49D60D24C77EAC007D1FFE /* macOS */,
				8B49D61524C77EAC007D1FFE /* Tests iOS */,
				8B49D62024C77EAC007D1FFE /* Tests macOS */,
				8B0F72A0250BED3C000E5F41 /* LatestUpdatesWidgetExtension */,
			);
		};
/* End PBXProject section */

/* Begin PBXResourcesBuildPhase section */
		8B0F729F250BED3C000E5F41 /* Resources */ = {
			isa = PBXResourcesBuildPhase;
			buildActionMask = 2147483647;
			files = (
				8B0F72A8250BED3C000E5F41 /* Assets.xcassets in Resources */,
			);
			runOnlyForDeploymentPostprocessing = 0;
		};
		8B49D60424C77EAC007D1FFE /* Resources */ = {
			isa = PBXResourcesBuildPhase;
			buildActionMask = 2147483647;
			files = (
				8B49D62C24C77EAC007D1FFE /* Assets.xcassets in Resources */,
			);
			runOnlyForDeploymentPostprocessing = 0;
		};
		8B49D60C24C77EAC007D1FFE /* Resources */ = {
			isa = PBXResourcesBuildPhase;
			buildActionMask = 2147483647;
			files = (
				8B49D62D24C77EAC007D1FFE /* Assets.xcassets in Resources */,
			);
			runOnlyForDeploymentPostprocessing = 0;
		};
		8B49D61424C77EAC007D1FFE /* Resources */ = {
			isa = PBXResourcesBuildPhase;
			buildActionMask = 2147483647;
			files = (
			);
			runOnlyForDeploymentPostprocessing = 0;
		};
		8B49D61F24C77EAC007D1FFE /* Resources */ = {
			isa = PBXResourcesBuildPhase;
			buildActionMask = 2147483647;
			files = (
			);
			runOnlyForDeploymentPostprocessing = 0;
		};
/* End PBXResourcesBuildPhase section */

/* Begin PBXSourcesBuildPhase section */
		8B0F729D250BED3C000E5F41 /* Sources */ = {
			isa = PBXSourcesBuildPhase;
			buildActionMask = 2147483647;
			files = (
				8BB899D2250C04A700968FF1 /* UpdatedMangas.swift in Sources */,
				8B0F72A6250BED3C000E5F41 /* LatestUpdatesWidget.swift in Sources */,
			);
			runOnlyForDeploymentPostprocessing = 0;
		};
		8B49D60224C77EAC007D1FFE /* Sources */ = {
			isa = PBXSourcesBuildPhase;
			buildActionMask = 2147483647;
			files = (
				8B2D726124DBDABC004C1602 /* MangaGrid.swift in Sources */,
				8B5E33BD24C8D0210042EDC3 /* SearchView.swift in Sources */,
				8B75DB7D24FBF999009FBCF1 /* Tsuki.xcdatamodeld in Sources */,
				8B8560DF25018E7B00243543 /* DownloadedManga+CoreDataProperties.swift in Sources */,
				8B53722A24FA6EBC006D95BD /* SignInRequiredView.swift in Sources */,
				8B8560DB25018E7B00243543 /* DownloadedChapter+CoreDataProperties.swift in Sources */,
				8BBA7D5B24CF6176004BAF63 /* MangaView.swift in Sources */,
				8BACBB0224C8632C005D5F08 /* LogInView.swift in Sources */,
				8B59E13D24F9780400392E6E /* AccountView.swift in Sources */,
				8B2D726424DBDD0D004C1602 /* LibraryView.swift in Sources */,
				8B75DBD324FC0A77009FBCF1 /* PersistentStore.swift in Sources */,
				8B31D35224D2054200A17C94 /* Chapter.swift in Sources */,
				8B31D35624D2245500A17C94 /* ChapterView.swift in Sources */,
				8BE0851F24F4FE300074F4C2 /* MangaViewChapterList.swift in Sources */,
				8BFF727E24F953FC00D2914D /* InitialOnboardingView.swift in Sources */,
				8BE0852224F4FFB50074F4C2 /* MangaViewTitle.swift in Sources */,
				8B96E18024ED9CDC00717DCC /* MailComposer.swift in Sources */,
				8B9718F324E9314400E5563F /* LatestUpdatesView.swift in Sources */,
				8B8560D925018E7B00243543 /* DownloadedChapter+CoreDataClass.swift in Sources */,
				8B75DB8024FBFB88009FBCF1 /* LibraryLink.swift in Sources */,
				8B75DBD624FC1E96009FBCF1 /* ChapterSelectionView.swift in Sources */,
				8B75DB8324FBFBFD009FBCF1 /* DownloadedMangaView.swift in Sources */,
				8B9A363924CB6E9200518294 /* SearchByNameView.swift in Sources */,
				8BE0851C24F4FAD70074F4C2 /* MangaViewTags.swift in Sources */,
				8B9A363624CB6B8000518294 /* Tag.swift in Sources */,
				8B36F36C250E88210085F52D /* WidgetURL.swift in Sources */,
				8B6A6B7D24F4330D00D4E9D8 /* AppState.swift in Sources */,
				8B49D62A24C77EAC007D1FFE /* ContentView.swift in Sources */,
				8BB93FBA24EC5E2700FAFEFC /* ErrorView.swift in Sources */,
				8BBA7D5824CF606B004BAF63 /* Manga.swift in Sources */,
				8BBE441B24F6B8DC00DA19CF /* TodayView.swift in Sources */,
				8B49D62824C77EAC007D1FFE /* TsukiApp.swift in Sources */,
				8B75DBD924FC2911009FBCF1 /* DownloadedMangaListRow.swift in Sources */,
				8B8560DD25018E7B00243543 /* DownloadedManga+CoreDataClass.swift in Sources */,
			);
			runOnlyForDeploymentPostprocessing = 0;
		};
		8B49D60A24C77EAC007D1FFE /* Sources */ = {
			isa = PBXSourcesBuildPhase;
			buildActionMask = 2147483647;
			files = (
				8B2D726224DBDABC004C1602 /* MangaGrid.swift in Sources */,
				8B5E33BE24C8D0210042EDC3 /* SearchView.swift in Sources */,
				8B75DB7E24FBF999009FBCF1 /* Tsuki.xcdatamodeld in Sources */,
				8B8560E025018E7B00243543 /* DownloadedManga+CoreDataProperties.swift in Sources */,
				8B53722B24FA6EBC006D95BD /* SignInRequiredView.swift in Sources */,
				8B8560DC25018E7B00243543 /* DownloadedChapter+CoreDataProperties.swift in Sources */,
				8BBA7D5C24CF6176004BAF63 /* MangaView.swift in Sources */,
				8BACBB0324C8632C005D5F08 /* LogInView.swift in Sources */,
				8B59E13E24F9780400392E6E /* AccountView.swift in Sources */,
				8B2D726524DBDD0D004C1602 /* LibraryView.swift in Sources */,
				8B75DBD424FC0A77009FBCF1 /* PersistentStore.swift in Sources */,
				8B31D35324D2054200A17C94 /* Chapter.swift in Sources */,
				8B31D35724D2245500A17C94 /* ChapterView.swift in Sources */,
				8BE0852024F4FE300074F4C2 /* MangaViewChapterList.swift in Sources */,
				8BFF727F24F953FC00D2914D /* InitialOnboardingView.swift in Sources */,
				8BE0852324F4FFB50074F4C2 /* MangaViewTitle.swift in Sources */,
				8B96E18124ED9CDC00717DCC /* MailComposer.swift in Sources */,
				8B9718F424E9314400E5563F /* LatestUpdatesView.swift in Sources */,
				8B8560DA25018E7B00243543 /* DownloadedChapter+CoreDataClass.swift in Sources */,
				8B75DB8124FBFB88009FBCF1 /* LibraryLink.swift in Sources */,
				8B75DBD724FC1E96009FBCF1 /* ChapterSelectionView.swift in Sources */,
				8B75DB8424FBFBFD009FBCF1 /* DownloadedMangaView.swift in Sources */,
				8B9A363A24CB6E9200518294 /* SearchByNameView.swift in Sources */,
				8BE0851D24F4FAD70074F4C2 /* MangaViewTags.swift in Sources */,
				8B9A363724CB6B8000518294 /* Tag.swift in Sources */,
				8B36F36D250E88210085F52D /* WidgetURL.swift in Sources */,
				8B6A6B7E24F4330D00D4E9D8 /* AppState.swift in Sources */,
				8B49D62B24C77EAC007D1FFE /* ContentView.swift in Sources */,
				8BB93FBB24EC5E2700FAFEFC /* ErrorView.swift in Sources */,
				8BBA7D5924CF606B004BAF63 /* Manga.swift in Sources */,
				8BBE441C24F6B8DC00DA19CF /* TodayView.swift in Sources */,
				8B49D62924C77EAC007D1FFE /* TsukiApp.swift in Sources */,
				8B75DBDA24FC2911009FBCF1 /* DownloadedMangaListRow.swift in Sources */,
				8B8560DE25018E7B00243543 /* DownloadedManga+CoreDataClass.swift in Sources */,
			);
			runOnlyForDeploymentPostprocessing = 0;
		};
		8B49D61224C77EAC007D1FFE /* Sources */ = {
			isa = PBXSourcesBuildPhase;
			buildActionMask = 2147483647;
			files = (
				8B49D61B24C77EAC007D1FFE /* Tests_iOS.swift in Sources */,
			);
			runOnlyForDeploymentPostprocessing = 0;
		};
		8B49D61D24C77EAC007D1FFE /* Sources */ = {
			isa = PBXSourcesBuildPhase;
			buildActionMask = 2147483647;
			files = (
				8B49D62624C77EAC007D1FFE /* Tests_macOS.swift in Sources */,
			);
			runOnlyForDeploymentPostprocessing = 0;
		};
/* End PBXSourcesBuildPhase section */

/* Begin PBXTargetDependency section */
		8B0F72AB250BED3C000E5F41 /* PBXTargetDependency */ = {
			isa = PBXTargetDependency;
			target = 8B0F72A0250BED3C000E5F41 /* LatestUpdatesWidgetExtension */;
			targetProxy = 8B0F72AA250BED3C000E5F41 /* PBXContainerItemProxy */;
		};
		8B49D61824C77EAC007D1FFE /* PBXTargetDependency */ = {
			isa = PBXTargetDependency;
			target = 8B49D60524C77EAC007D1FFE /* iOS */;
			targetProxy = 8B49D61724C77EAC007D1FFE /* PBXContainerItemProxy */;
		};
		8B49D62324C77EAC007D1FFE /* PBXTargetDependency */ = {
			isa = PBXTargetDependency;
			target = 8B49D60D24C77EAC007D1FFE /* macOS */;
			targetProxy = 8B49D62224C77EAC007D1FFE /* PBXContainerItemProxy */;
		};
/* End PBXTargetDependency section */

/* Begin XCBuildConfiguration section */
		8B0F72AD250BED3C000E5F41 /* Debug */ = {
			isa = XCBuildConfiguration;
			buildSettings = {
				ASSETCATALOG_COMPILER_GLOBAL_ACCENT_COLOR_NAME = AccentColor;
				ASSETCATALOG_COMPILER_WIDGET_BACKGROUND_COLOR_NAME = WidgetBackground;
				CODE_SIGN_ENTITLEMENTS = LatestUpdatesWidgetExtension.entitlements;
				CODE_SIGN_STYLE = Automatic;
				DEVELOPMENT_TEAM = MX583UVSDV;
				INFOPLIST_FILE = LatestUpdatesWidget/Info.plist;
				LD_RUNPATH_SEARCH_PATHS = (
					"$(inherited)",
					"@executable_path/Frameworks",
					"@executable_path/../../Frameworks",
				);
				PRODUCT_BUNDLE_IDENTIFIER = com.toader.Tsuki.LatestUpdatesWidget;
				PRODUCT_NAME = "$(TARGET_NAME)";
				SDKROOT = iphoneos;
				SKIP_INSTALL = YES;
				SWIFT_VERSION = 5.0;
				TARGETED_DEVICE_FAMILY = "1,2";
			};
			name = Debug;
		};
		8B0F72AE250BED3C000E5F41 /* Release */ = {
			isa = XCBuildConfiguration;
			buildSettings = {
				ASSETCATALOG_COMPILER_GLOBAL_ACCENT_COLOR_NAME = AccentColor;
				ASSETCATALOG_COMPILER_WIDGET_BACKGROUND_COLOR_NAME = WidgetBackground;
				CODE_SIGN_ENTITLEMENTS = LatestUpdatesWidgetExtension.entitlements;
				CODE_SIGN_STYLE = Automatic;
				DEVELOPMENT_TEAM = MX583UVSDV;
				INFOPLIST_FILE = LatestUpdatesWidget/Info.plist;
				LD_RUNPATH_SEARCH_PATHS = (
					"$(inherited)",
					"@executable_path/Frameworks",
					"@executable_path/../../Frameworks",
				);
				PRODUCT_BUNDLE_IDENTIFIER = com.toader.Tsuki.LatestUpdatesWidget;
				PRODUCT_NAME = "$(TARGET_NAME)";
				SDKROOT = iphoneos;
				SKIP_INSTALL = YES;
				SWIFT_VERSION = 5.0;
				TARGETED_DEVICE_FAMILY = "1,2";
				VALIDATE_PRODUCT = YES;
			};
			name = Release;
		};
		8B49D62E24C77EAC007D1FFE /* Debug */ = {
			isa = XCBuildConfiguration;
			buildSettings = {
				ALWAYS_SEARCH_USER_PATHS = NO;
				CLANG_ANALYZER_NONNULL = YES;
				CLANG_ANALYZER_NUMBER_OBJECT_CONVERSION = YES_AGGRESSIVE;
				CLANG_CXX_LANGUAGE_STANDARD = "gnu++14";
				CLANG_CXX_LIBRARY = "libc++";
				CLANG_ENABLE_MODULES = YES;
				CLANG_ENABLE_OBJC_ARC = YES;
				CLANG_ENABLE_OBJC_WEAK = YES;
				CLANG_WARN_BLOCK_CAPTURE_AUTORELEASING = YES;
				CLANG_WARN_BOOL_CONVERSION = YES;
				CLANG_WARN_COMMA = YES;
				CLANG_WARN_CONSTANT_CONVERSION = YES;
				CLANG_WARN_DEPRECATED_OBJC_IMPLEMENTATIONS = YES;
				CLANG_WARN_DIRECT_OBJC_ISA_USAGE = YES_ERROR;
				CLANG_WARN_DOCUMENTATION_COMMENTS = YES;
				CLANG_WARN_EMPTY_BODY = YES;
				CLANG_WARN_ENUM_CONVERSION = YES;
				CLANG_WARN_INFINITE_RECURSION = YES;
				CLANG_WARN_INT_CONVERSION = YES;
				CLANG_WARN_NON_LITERAL_NULL_CONVERSION = YES;
				CLANG_WARN_OBJC_IMPLICIT_RETAIN_SELF = YES;
				CLANG_WARN_OBJC_LITERAL_CONVERSION = YES;
				CLANG_WARN_OBJC_ROOT_CLASS = YES_ERROR;
				CLANG_WARN_QUOTED_INCLUDE_IN_FRAMEWORK_HEADER = YES;
				CLANG_WARN_RANGE_LOOP_ANALYSIS = YES;
				CLANG_WARN_STRICT_PROTOTYPES = YES;
				CLANG_WARN_SUSPICIOUS_MOVE = YES;
				CLANG_WARN_UNGUARDED_AVAILABILITY = YES_AGGRESSIVE;
				CLANG_WARN_UNREACHABLE_CODE = YES;
				CLANG_WARN__DUPLICATE_METHOD_MATCH = YES;
				COPY_PHASE_STRIP = NO;
				DEBUG_INFORMATION_FORMAT = dwarf;
				ENABLE_STRICT_OBJC_MSGSEND = YES;
				ENABLE_TESTABILITY = YES;
				GCC_C_LANGUAGE_STANDARD = gnu11;
				GCC_DYNAMIC_NO_PIC = NO;
				GCC_NO_COMMON_BLOCKS = YES;
				GCC_OPTIMIZATION_LEVEL = 0;
				GCC_PREPROCESSOR_DEFINITIONS = (
					"DEBUG=1",
					"$(inherited)",
				);
				GCC_WARN_64_TO_32_BIT_CONVERSION = YES;
				GCC_WARN_ABOUT_RETURN_TYPE = YES_ERROR;
				GCC_WARN_UNDECLARED_SELECTOR = YES;
				GCC_WARN_UNINITIALIZED_AUTOS = YES_AGGRESSIVE;
				GCC_WARN_UNUSED_FUNCTION = YES;
				GCC_WARN_UNUSED_VARIABLE = YES;
				IPHONEOS_DEPLOYMENT_TARGET = 14.0;
				MTL_ENABLE_DEBUG_INFO = INCLUDE_SOURCE;
				MTL_FAST_MATH = YES;
				ONLY_ACTIVE_ARCH = YES;
				SWIFT_ACTIVE_COMPILATION_CONDITIONS = DEBUG;
				SWIFT_OPTIMIZATION_LEVEL = "-Onone";
			};
			name = Debug;
		};
		8B49D62F24C77EAC007D1FFE /* Release */ = {
			isa = XCBuildConfiguration;
			buildSettings = {
				ALWAYS_SEARCH_USER_PATHS = NO;
				CLANG_ANALYZER_NONNULL = YES;
				CLANG_ANALYZER_NUMBER_OBJECT_CONVERSION = YES_AGGRESSIVE;
				CLANG_CXX_LANGUAGE_STANDARD = "gnu++14";
				CLANG_CXX_LIBRARY = "libc++";
				CLANG_ENABLE_MODULES = YES;
				CLANG_ENABLE_OBJC_ARC = YES;
				CLANG_ENABLE_OBJC_WEAK = YES;
				CLANG_WARN_BLOCK_CAPTURE_AUTORELEASING = YES;
				CLANG_WARN_BOOL_CONVERSION = YES;
				CLANG_WARN_COMMA = YES;
				CLANG_WARN_CONSTANT_CONVERSION = YES;
				CLANG_WARN_DEPRECATED_OBJC_IMPLEMENTATIONS = YES;
				CLANG_WARN_DIRECT_OBJC_ISA_USAGE = YES_ERROR;
				CLANG_WARN_DOCUMENTATION_COMMENTS = YES;
				CLANG_WARN_EMPTY_BODY = YES;
				CLANG_WARN_ENUM_CONVERSION = YES;
				CLANG_WARN_INFINITE_RECURSION = YES;
				CLANG_WARN_INT_CONVERSION = YES;
				CLANG_WARN_NON_LITERAL_NULL_CONVERSION = YES;
				CLANG_WARN_OBJC_IMPLICIT_RETAIN_SELF = YES;
				CLANG_WARN_OBJC_LITERAL_CONVERSION = YES;
				CLANG_WARN_OBJC_ROOT_CLASS = YES_ERROR;
				CLANG_WARN_QUOTED_INCLUDE_IN_FRAMEWORK_HEADER = YES;
				CLANG_WARN_RANGE_LOOP_ANALYSIS = YES;
				CLANG_WARN_STRICT_PROTOTYPES = YES;
				CLANG_WARN_SUSPICIOUS_MOVE = YES;
				CLANG_WARN_UNGUARDED_AVAILABILITY = YES_AGGRESSIVE;
				CLANG_WARN_UNREACHABLE_CODE = YES;
				CLANG_WARN__DUPLICATE_METHOD_MATCH = YES;
				COPY_PHASE_STRIP = NO;
				DEBUG_INFORMATION_FORMAT = "dwarf-with-dsym";
				ENABLE_NS_ASSERTIONS = NO;
				ENABLE_STRICT_OBJC_MSGSEND = YES;
				GCC_C_LANGUAGE_STANDARD = gnu11;
				GCC_NO_COMMON_BLOCKS = YES;
				GCC_WARN_64_TO_32_BIT_CONVERSION = YES;
				GCC_WARN_ABOUT_RETURN_TYPE = YES_ERROR;
				GCC_WARN_UNDECLARED_SELECTOR = YES;
				GCC_WARN_UNINITIALIZED_AUTOS = YES_AGGRESSIVE;
				GCC_WARN_UNUSED_FUNCTION = YES;
				GCC_WARN_UNUSED_VARIABLE = YES;
				IPHONEOS_DEPLOYMENT_TARGET = 14.0;
				MTL_ENABLE_DEBUG_INFO = NO;
				MTL_FAST_MATH = YES;
				SWIFT_COMPILATION_MODE = wholemodule;
				SWIFT_OPTIMIZATION_LEVEL = "-O";
			};
			name = Release;
		};
		8B49D63124C77EAC007D1FFE /* Debug */ = {
			isa = XCBuildConfiguration;
			buildSettings = {
				ALWAYS_EMBED_SWIFT_STANDARD_LIBRARIES = YES;
				ASSETCATALOG_COMPILER_APPICON_NAME = AppIcon;
				ASSETCATALOG_COMPILER_GLOBAL_ACCENT_COLOR_NAME = AccentColor;
				CODE_SIGN_ENTITLEMENTS = iOS/Tsuki.entitlements;
				CODE_SIGN_STYLE = Automatic;
				DEVELOPMENT_TEAM = MX583UVSDV;
				ENABLE_PREVIEWS = YES;
				INFOPLIST_FILE = iOS/Info.plist;
				IPHONEOS_DEPLOYMENT_TARGET = 14.0;
				LD_RUNPATH_SEARCH_PATHS = (
					"$(inherited)",
					"@executable_path/Frameworks",
				);
				PRODUCT_BUNDLE_IDENTIFIER = com.toader.Tsuki;
				PRODUCT_NAME = Tsuki;
				SDKROOT = iphoneos;
				SWIFT_VERSION = 5.0;
				TARGETED_DEVICE_FAMILY = "1,2";
			};
			name = Debug;
		};
		8B49D63224C77EAC007D1FFE /* Release */ = {
			isa = XCBuildConfiguration;
			buildSettings = {
				ALWAYS_EMBED_SWIFT_STANDARD_LIBRARIES = YES;
				ASSETCATALOG_COMPILER_APPICON_NAME = AppIcon;
				ASSETCATALOG_COMPILER_GLOBAL_ACCENT_COLOR_NAME = AccentColor;
				CODE_SIGN_ENTITLEMENTS = iOS/Tsuki.entitlements;
				CODE_SIGN_STYLE = Automatic;
				DEVELOPMENT_TEAM = MX583UVSDV;
				ENABLE_PREVIEWS = YES;
				INFOPLIST_FILE = iOS/Info.plist;
				IPHONEOS_DEPLOYMENT_TARGET = 14.0;
				LD_RUNPATH_SEARCH_PATHS = (
					"$(inherited)",
					"@executable_path/Frameworks",
				);
				PRODUCT_BUNDLE_IDENTIFIER = com.toader.Tsuki;
				PRODUCT_NAME = Tsuki;
				SDKROOT = iphoneos;
				SWIFT_VERSION = 5.0;
				TARGETED_DEVICE_FAMILY = "1,2";
				VALIDATE_PRODUCT = YES;
			};
			name = Release;
		};
		8B49D63424C77EAC007D1FFE /* Debug */ = {
			isa = XCBuildConfiguration;
			buildSettings = {
				ASSETCATALOG_COMPILER_APPICON_NAME = AppIcon;
				ASSETCATALOG_COMPILER_GLOBAL_ACCENT_COLOR_NAME = AccentColor;
				CODE_SIGN_ENTITLEMENTS = macOS/macOS.entitlements;
				CODE_SIGN_STYLE = Automatic;
				COMBINE_HIDPI_IMAGES = YES;
				DEVELOPMENT_TEAM = MX583UVSDV;
				ENABLE_HARDENED_RUNTIME = YES;
				ENABLE_PREVIEWS = YES;
				INFOPLIST_FILE = macOS/Info.plist;
				LD_RUNPATH_SEARCH_PATHS = (
					"$(inherited)",
					"@executable_path/../Frameworks",
				);
				MACOSX_DEPLOYMENT_TARGET = 10.16;
				PRODUCT_BUNDLE_IDENTIFIER = com.toader.Tsuki;
				PRODUCT_NAME = Tsuki;
				SDKROOT = macosx;
				SWIFT_VERSION = 5.0;
			};
			name = Debug;
		};
		8B49D63524C77EAC007D1FFE /* Release */ = {
			isa = XCBuildConfiguration;
			buildSettings = {
				ASSETCATALOG_COMPILER_APPICON_NAME = AppIcon;
				ASSETCATALOG_COMPILER_GLOBAL_ACCENT_COLOR_NAME = AccentColor;
				CODE_SIGN_ENTITLEMENTS = macOS/macOS.entitlements;
				CODE_SIGN_STYLE = Automatic;
				COMBINE_HIDPI_IMAGES = YES;
				DEVELOPMENT_TEAM = MX583UVSDV;
				ENABLE_HARDENED_RUNTIME = YES;
				ENABLE_PREVIEWS = YES;
				INFOPLIST_FILE = macOS/Info.plist;
				LD_RUNPATH_SEARCH_PATHS = (
					"$(inherited)",
					"@executable_path/../Frameworks",
				);
				MACOSX_DEPLOYMENT_TARGET = 10.16;
				PRODUCT_BUNDLE_IDENTIFIER = com.toader.Tsuki;
				PRODUCT_NAME = Tsuki;
				SDKROOT = macosx;
				SWIFT_VERSION = 5.0;
			};
			name = Release;
		};
		8B49D63724C77EAC007D1FFE /* Debug */ = {
			isa = XCBuildConfiguration;
			buildSettings = {
				ALWAYS_EMBED_SWIFT_STANDARD_LIBRARIES = YES;
				CODE_SIGN_STYLE = Automatic;
				DEVELOPMENT_TEAM = MX583UVSDV;
				INFOPLIST_FILE = "Tests iOS/Info.plist";
				IPHONEOS_DEPLOYMENT_TARGET = 14.0;
				LD_RUNPATH_SEARCH_PATHS = (
					"$(inherited)",
					"@executable_path/Frameworks",
					"@loader_path/Frameworks",
				);
				PRODUCT_BUNDLE_IDENTIFIER = "com.toader.Tests-iOS";
				PRODUCT_NAME = "$(TARGET_NAME)";
				SDKROOT = iphoneos;
				SWIFT_VERSION = 5.0;
				TARGETED_DEVICE_FAMILY = "1,2";
				TEST_TARGET_NAME = iOS;
			};
			name = Debug;
		};
		8B49D63824C77EAC007D1FFE /* Release */ = {
			isa = XCBuildConfiguration;
			buildSettings = {
				ALWAYS_EMBED_SWIFT_STANDARD_LIBRARIES = YES;
				CODE_SIGN_STYLE = Automatic;
				DEVELOPMENT_TEAM = MX583UVSDV;
				INFOPLIST_FILE = "Tests iOS/Info.plist";
				IPHONEOS_DEPLOYMENT_TARGET = 14.0;
				LD_RUNPATH_SEARCH_PATHS = (
					"$(inherited)",
					"@executable_path/Frameworks",
					"@loader_path/Frameworks",
				);
				PRODUCT_BUNDLE_IDENTIFIER = "com.toader.Tests-iOS";
				PRODUCT_NAME = "$(TARGET_NAME)";
				SDKROOT = iphoneos;
				SWIFT_VERSION = 5.0;
				TARGETED_DEVICE_FAMILY = "1,2";
				TEST_TARGET_NAME = iOS;
				VALIDATE_PRODUCT = YES;
			};
			name = Release;
		};
		8B49D63A24C77EAC007D1FFE /* Debug */ = {
			isa = XCBuildConfiguration;
			buildSettings = {
				ALWAYS_EMBED_SWIFT_STANDARD_LIBRARIES = YES;
				CODE_SIGN_STYLE = Automatic;
				COMBINE_HIDPI_IMAGES = YES;
				DEVELOPMENT_TEAM = MX583UVSDV;
				INFOPLIST_FILE = "Tests macOS/Info.plist";
				LD_RUNPATH_SEARCH_PATHS = (
					"$(inherited)",
					"@executable_path/../Frameworks",
					"@loader_path/../Frameworks",
				);
				MACOSX_DEPLOYMENT_TARGET = 10.15;
				PRODUCT_BUNDLE_IDENTIFIER = "com.toader.Tests-macOS";
				PRODUCT_NAME = "$(TARGET_NAME)";
				SDKROOT = macosx;
				SWIFT_VERSION = 5.0;
				TEST_TARGET_NAME = macOS;
			};
			name = Debug;
		};
		8B49D63B24C77EAC007D1FFE /* Release */ = {
			isa = XCBuildConfiguration;
			buildSettings = {
				ALWAYS_EMBED_SWIFT_STANDARD_LIBRARIES = YES;
				CODE_SIGN_STYLE = Automatic;
				COMBINE_HIDPI_IMAGES = YES;
				DEVELOPMENT_TEAM = MX583UVSDV;
				INFOPLIST_FILE = "Tests macOS/Info.plist";
				LD_RUNPATH_SEARCH_PATHS = (
					"$(inherited)",
					"@executable_path/../Frameworks",
					"@loader_path/../Frameworks",
				);
				MACOSX_DEPLOYMENT_TARGET = 10.15;
				PRODUCT_BUNDLE_IDENTIFIER = "com.toader.Tests-macOS";
				PRODUCT_NAME = "$(TARGET_NAME)";
				SDKROOT = macosx;
				SWIFT_VERSION = 5.0;
				TEST_TARGET_NAME = macOS;
			};
			name = Release;
		};
/* End XCBuildConfiguration section */

/* Begin XCConfigurationList section */
		8B0F72AF250BED3C000E5F41 /* Build configuration list for PBXNativeTarget "LatestUpdatesWidgetExtension" */ = {
			isa = XCConfigurationList;
			buildConfigurations = (
				8B0F72AD250BED3C000E5F41 /* Debug */,
				8B0F72AE250BED3C000E5F41 /* Release */,
			);
			defaultConfigurationIsVisible = 0;
			defaultConfigurationName = Release;
		};
		8B49D5FD24C77EAB007D1FFE /* Build configuration list for PBXProject "Tsuki" */ = {
			isa = XCConfigurationList;
			buildConfigurations = (
				8B49D62E24C77EAC007D1FFE /* Debug */,
				8B49D62F24C77EAC007D1FFE /* Release */,
			);
			defaultConfigurationIsVisible = 0;
			defaultConfigurationName = Release;
		};
		8B49D63024C77EAC007D1FFE /* Build configuration list for PBXNativeTarget "iOS" */ = {
			isa = XCConfigurationList;
			buildConfigurations = (
				8B49D63124C77EAC007D1FFE /* Debug */,
				8B49D63224C77EAC007D1FFE /* Release */,
			);
			defaultConfigurationIsVisible = 0;
			defaultConfigurationName = Release;
		};
		8B49D63324C77EAC007D1FFE /* Build configuration list for PBXNativeTarget "macOS" */ = {
			isa = XCConfigurationList;
			buildConfigurations = (
				8B49D63424C77EAC007D1FFE /* Debug */,
				8B49D63524C77EAC007D1FFE /* Release */,
			);
			defaultConfigurationIsVisible = 0;
			defaultConfigurationName = Release;
		};
		8B49D63624C77EAC007D1FFE /* Build configuration list for PBXNativeTarget "Tests iOS" */ = {
			isa = XCConfigurationList;
			buildConfigurations = (
				8B49D63724C77EAC007D1FFE /* Debug */,
				8B49D63824C77EAC007D1FFE /* Release */,
			);
			defaultConfigurationIsVisible = 0;
			defaultConfigurationName = Release;
		};
		8B49D63924C77EAC007D1FFE /* Build configuration list for PBXNativeTarget "Tests macOS" */ = {
			isa = XCConfigurationList;
			buildConfigurations = (
				8B49D63A24C77EAC007D1FFE /* Debug */,
				8B49D63B24C77EAC007D1FFE /* Release */,
			);
			defaultConfigurationIsVisible = 0;
			defaultConfigurationName = Release;
		};
/* End XCConfigurationList section */

/* Begin XCRemoteSwiftPackageReference section */
		8B6504CB24CCDFCE00BFAD22 /* XCRemoteSwiftPackageReference "SDWebImageSwiftUI" */ = {
			isa = XCRemoteSwiftPackageReference;
			repositoryURL = "https://github.com/SDWebImage/SDWebImageSwiftUI.git";
			requirement = {
				kind = upToNextMajorVersion;
				minimumVersion = 1.5.0;
			};
		};
		8B9862FC24CA29B100AC3AF9 /* XCRemoteSwiftPackageReference "SwiftSoup" */ = {
			isa = XCRemoteSwiftPackageReference;
			repositoryURL = "https://github.com/scinfu/SwiftSoup.git";
			requirement = {
				kind = upToNextMajorVersion;
				minimumVersion = 2.3.2;
			};
		};
/* End XCRemoteSwiftPackageReference section */

/* Begin XCSwiftPackageProductDependency section */
		8B6504CC24CCDFCE00BFAD22 /* SDWebImageSwiftUI */ = {
			isa = XCSwiftPackageProductDependency;
			package = 8B6504CB24CCDFCE00BFAD22 /* XCRemoteSwiftPackageReference "SDWebImageSwiftUI" */;
			productName = SDWebImageSwiftUI;
		};
		8B9862FD24CA29B200AC3AF9 /* SwiftSoup */ = {
			isa = XCSwiftPackageProductDependency;
			package = 8B9862FC24CA29B100AC3AF9 /* XCRemoteSwiftPackageReference "SwiftSoup" */;
			productName = SwiftSoup;
		};
		8BB899D4250C106400968FF1 /* SwiftSoup */ = {
			isa = XCSwiftPackageProductDependency;
			package = 8B9862FC24CA29B100AC3AF9 /* XCRemoteSwiftPackageReference "SwiftSoup" */;
			productName = SwiftSoup;
		};
/* End XCSwiftPackageProductDependency section */

/* Begin XCVersionGroup section */
		8B75DB7B24FBF999009FBCF1 /* Tsuki.xcdatamodeld */ = {
			isa = XCVersionGroup;
			children = (
				8B75DB7C24FBF999009FBCF1 /* Tsuki.xcdatamodel */,
			);
			currentVersion = 8B75DB7C24FBF999009FBCF1 /* Tsuki.xcdatamodel */;
			path = Tsuki.xcdatamodeld;
			sourceTree = "<group>";
			versionGroupType = wrapper.xcdatamodel;
		};
/* End XCVersionGroup section */
	};
	rootObject = 8B49D5FA24C77EAB007D1FFE /* Project object */;
}
